{
  "nodes": {
    "candid-src": {
      "flake": false,
      "locked": {
        "lastModified": 1782401139,
        "narHash": "sha256-J5YO+5HiNC5yJ7ZUOle/wSmwlsV1Te74xzs3jCrHQaU=",
        "owner": "dfinity",
        "repo": "candid",
        "rev": "c5cc392fa41578c2787db433dd34d15953afdbfa",
        "type": "github"
      },
      "original": {
        "owner": "dfinity",
        "repo": "candid",
        "type": "github"
      }
    },
    "esm": {
      "flake": false,
      "locked": {
        "lastModified": 499162500,
        "narHash": "sha256-OP2ddzMmLhqXrcKsJlS9d4oqcx+9vZWevd+DnTAI04Q=",
        "type": "tarball",
        "url": "https://registry.npmjs.org/esm/-/esm-3.2.25.tgz"
      },
      "original": {
        "type": "tarball",
        "url": "https://registry.npmjs.org/esm/-/esm-3.2.25.tgz"
      }
    },
    "flake-parts": {
      "inputs": {
        "nixpkgs-lib": [
          "nix-update-flake",
          "nixpkgs"
        ]
      },
      "locked": {
        "lastModified": 1754420989,
        "narHash": "sha256-3e4wHzNwTMg7GaeLH9A091DMaO9AfFxUjpfqbddCUeo=",
        "owner": "hercules-ci",
        "repo": "flake-parts",
        "rev": "7f38f25a44023a21a504bd3fd9d4f41c4a39f55c",
        "type": "github"
      },
      "original": {
        "owner": "hercules-ci",
        "repo": "flake-parts",
        "type": "github"
      }
    },
    "flake-utils": {
      "inputs": {
        "systems": "systems"
      },
      "locked": {
        "lastModified": 1731533236,
        "narHash": "sha256-l0KFg5HjrsfsO/JpG+r7fRrqm12kzFHyUHqHCVpMMbI=",
        "owner": "numtide",
        "repo": "flake-utils",
        "rev": "11707dc2f618dd54ca8739b309ec4fc024de578b",
        "type": "github"
      },
      "original": {
        "owner": "numtide",
        "repo": "flake-utils",
        "type": "github"
      }
    },
    "grace-src": {
      "flake": false,
      "locked": {
        "lastModified": 1771098024,
        "narHash": "sha256-V5K9RGk47K/R+q4wS1FU02kMi1uWSCgdUjKHk7uXuGw=",
        "owner": "johnyob",
        "repo": "grace",
        "rev": "15251666a11a780dfd09f23e1b0c1e6b0e366dcf",
        "type": "github"
      },
      "original": {
        "owner": "johnyob",
        "repo": "grace",
        "rev": "15251666a11a780dfd09f23e1b0c1e6b0e366dcf",
        "type": "github"
      }
    },
    "ic-wasm-src": {
      "flake": false,
      "locked": {
        "lastModified": 1778595835,
        "narHash": "sha256-EXT5p4NglD0TStmKNBqpfsDN+h+Y4UddvW5B6EzBjFU=",
        "owner": "dfinity",
        "repo": "ic-wasm",
        "rev": "3e13d85a0fcc6f083b1773aedb70ed308f125d36",
        "type": "github"
      },
      "original": {
        "owner": "dfinity",
        "repo": "ic-wasm",
        "type": "github"
      }
    },
    "libtommath-src": {
      "flake": false,
      "locked": {
        "lastModified": 1571737484,
        "narHash": "sha256-zpnCm1EpaoeMzdJVYMS2LARSJn5eqtQhipAcBFfrRDI=",
        "owner": "libtom",
        "repo": "libtommath",
        "rev": "6ca6898bf37f583c4cc9943441cd60dd69f4b8f2",
        "type": "github"
      },
      "original": {
        "owner": "libtom",
        "ref": "v1.2.0",
        "repo": "libtommath",
        "type": "github"
      }
    },
    "motoko-base-src": {
      "flake": false,
      "locked": {
        "lastModified": 1759588547,
        "narHash": "sha256-p7Z+cy9F0abuCWh4hvUpoOROhIPiYJfAO3f4hTXMKow=",
        "owner": "caffeinelabs",
        "repo": "motoko-base",
        "rev": "15f79638ab493b985f9a0c45d62460781a728d33",
        "type": "github"
      },
      "original": {
        "owner": "caffeinelabs",
        "ref": "next-moc",
        "repo": "motoko-base",
        "type": "github"
      }
    },
    "motoko-core-src": {
      "flake": false,
      "locked": {
        "lastModified": 1782895355,
        "narHash": "sha256-EdKh5q4v6suS2desLb06nbJBHvaAMZ4ECvNZKPB6/qA=",
        "owner": "caffeinelabs",
        "repo": "motoko-core",
        "rev": "f8daac747ac6ac8e663a44b79891ee0613796d76",
        "type": "github"
      },
      "original": {
        "owner": "caffeinelabs",
        "repo": "motoko-core",
        "type": "github"
      }
    },
    "motoko-matchers-src": {
      "flake": false,
      "locked": {
        "lastModified": 1740991650,
        "narHash": "sha256-SXw1rO/IWHS9kjySy/u6HbEHYWn7JeQkK2IVI5TLCWA=",
        "owner": "kritzcreek",
        "repo": "motoko-matchers",
        "rev": "5ba5f52bd9a5649dedf5e2a1ccd55d98ed7ff982",
        "type": "github"
      },
      "original": {
        "owner": "kritzcreek",
        "repo": "motoko-matchers",
        "rev": "5ba5f52bd9a5649dedf5e2a1ccd55d98ed7ff982",
        "type": "github"
      }
    },
    "nix-update-flake": {
      "inputs": {
        "flake-parts": "flake-parts",
        "nixpkgs": [
          "nixpkgs"
        ],
        "treefmt-nix": "treefmt-nix"
      },
      "locked": {
        "lastModified": 1754421367,
        "narHash": "sha256-zumHGR/7NqlkSi8W7Vvdka/l/8x1aenpINg2jqepyeo=",
        "owner": "Mic92",
        "repo": "nix-update",
        "rev": "09aadb5d6d9e1fc57df0b61def4bdd8b43ea47a1",
        "type": "github"
      },
      "original": {
        "owner": "Mic92",
        "repo": "nix-update",
        "rev": "09aadb5d6d9e1fc57df0b61def4bdd8b43ea47a1",
        "type": "github"
      }
    },
    "nixpkgs": {
      "locked": {
        "lastModified": 1782608562,
        "narHash": "sha256-eCAEJ5SHk5B/0bpYEO396UcK54q4vMOxIRjqNPqH55s=",
        "owner": "NixOS",
        "repo": "nixpkgs",
        "rev": "1653fb962e09d5a61013cd34c61d5c933baf9124",
        "type": "github"
      },
      "original": {
        "owner": "NixOS",
        "ref": "release-26.05",
        "repo": "nixpkgs",
        "type": "github"
      }
    },
    "ocaml-recovery-parser-src": {
      "flake": false,
      "locked": {
        "lastModified": 1742444578,
        "narHash": "sha256-RFRI7VoHd7GceIQnzN1FQYfR/5nbrU/t1pLTbURE6PY=",
        "owner": "serokell",
        "repo": "ocaml-recovery-parser",
        "rev": "b8207b0c919b84d5096486e59985d0137c0c4d82",
        "type": "github"
      },
      "original": {
        "owner": "serokell",
        "repo": "ocaml-recovery-parser",
        "type": "github"
      }
    },
    "root": {
      "inputs": {
        "candid-src": "candid-src",
        "esm": "esm",
        "flake-utils": "flake-utils",
        "grace-src": "grace-src",
        "ic-wasm-src": "ic-wasm-src",
        "libtommath-src": "libtommath-src",
        "motoko-base-src": "motoko-base-src",
        "motoko-core-src": "motoko-core-src",
        "motoko-matchers-src": "motoko-matchers-src",
        "nix-update-flake": "nix-update-flake",
        "nixpkgs": "nixpkgs",
        "ocaml-recovery-parser-src": "ocaml-recovery-parser-src",
        "rust-overlay": "rust-overlay"
      }
    },
    "rust-overlay": {
      "inputs": {
        "nixpkgs": [
          "nixpkgs"
        ]
      },
      "locked": {
        "lastModified": 1782530211,
        "narHash": "sha256-Zn5H2VVMaP79C+bvaUQD+SBXSKoTnURMZGiUrG00zII=",
        "owner": "oxalica",
        "repo": "rust-overlay",
        "rev": "06ba695dfefc4afc513b49dfc41c4bf0dd2eaeb1",
        "type": "github"
      },
      "original": {
        "owner": "oxalica",
        "repo": "rust-overlay",
        "type": "github"
      }
    },
    "systems": {
      "locked": {
        "lastModified": 1681028828,
        "narHash": "sha256-Vy1rq5AaRuLzOxct8nz4T6wlgyUR7zLU309k9mBC768=",
        "owner": "nix-systems",
        "repo": "default",
        "rev": "da67096a3b9bf56a91d16901293e51ba5b49a27e",
        "type": "github"
      },
      "original": {
        "owner": "nix-systems",
        "repo": "default",
        "type": "github"
      }
    },
    "treefmt-nix": {
      "inputs": {
        "nixpkgs": [
          "nix-update-flake",
          "nixpkgs"
        ]
      },
      "locked": {
        "lastModified": 1754061284,
        "narHash": "sha256-ONcNxdSiPyJ9qavMPJYAXDNBzYobHRxw0WbT38lKbwU=",
        "owner": "numtide",
        "repo": "treefmt-nix",
        "rev": "58bd4da459f0a39e506847109a2a5cfceb837796",
        "type": "github"
      },
      "original": {
        "owner": "numtide",
        "repo": "treefmt-nix",
        "type": "github"
      }
    }
  },
  "root": "root",
  "version": 7
}
